{
  "name": "ldapts-test",
  "version": "1.0.0",
  "lockfileVersion": 1,
  "requires": true,
  "dependencies": {
    "@types/asn1": {
      "version": "0.2.0",
      "resolved": "https://registry.npm.taobao.org/@types/asn1/download/@types/asn1-0.2.0.tgz",
      "integrity": "sha1-I7VoaIsyF0C9Tq/vSeaxP/wQGzE=",
      "requires": {
        "@types/node": "*"
      }
    },
    "@types/node": {
      "version": "14.0.27",
      "resolved": "https://registry.npm.taobao.org/@types/node/download/@types/node-14.0.27.tgz?cache=0&sync_timestamp=1595997320788&other_urls=https%3A%2F%2Fregistry.npm.taobao.org%2F%40types%2Fnode%2Fdownload%2F%40types%2Fnode-14.0.27.tgz",
      "integrity": "sha1-oVGHOvWl6FG1GzsGXJ5jOQqeDrE="
    },
    "@types/uuid": {
      "version": "8.0.0",
      "resolved": "https://registry.npm.taobao.org/@types/uuid/download/@types/uuid-8.0.0.tgz",
      "integrity": "sha1-FlquSBmtIXShdHbb5m/uvVSVVsA="
    },
    "asn1": {
      "version": "0.2.4",
      "resolved": "https://registry.npm.taobao.org/asn1/download/asn1-0.2.4.tgz",
      "integrity": "sha1-jSR136tVO7M+d7VOWeiAu4ziMTY=",
      "requires": {
        "safer-buffer": "~2.1.0"
      }
    },
    "axios": {
      "version": "0.19.2",
      "resolved": "https://registry.npm.taobao.org/axios/download/axios-0.19.2.tgz?cache=0&sync_timestamp=1594827569427&other_urls=https%3A%2F%2Fregistry.npm.taobao.org%2Faxios%2Fdownload%2Faxios-0.19.2.tgz",
      "integrity": "sha1-PqNsXYgY0NX4qKl6bTa4bNwAyyc=",
      "requires": {
        "follow-redirects": "1.5.10"
      }
    },
    "debug": {
      "version": "4.1.1",
      "resolved": "https://registry.npm.taobao.org/debug/download/debug-4.1.1.tgz",
      "integrity": "sha1-O3ImAlUQnGtYnO4FDx1RYTlmR5E=",
      "requires": {
        "ms": "^2.1.1"
      }
    },
    "follow-redirects": {
      "version": "1.5.10",
      "resolved": "https://registry.npm.taobao.org/follow-redirects/download/follow-redirects-1.5.10.tgz?cache=0&sync_timestamp=1592518278637&other_urls=https%3A%2F%2Fregistry.npm.taobao.org%2Ffollow-redirects%2Fdownload%2Ffollow-redirects-1.5.10.tgz",
      "integrity": "sha1-e3qfmuov3/NnhqlP9kPtB/T/Xio=",
      "requires": {
        "debug": "=3.1.0"
      },
      "dependencies": {
        "debug": {
          "version": "3.1.0",
          "resolved": "https://registry.npm.taobao.org/debug/download/debug-3.1.0.tgz",
          "integrity": "sha1-W7WgZyYotkFJVmuhaBnmFRjGcmE=",
          "requires": {
            "ms": "2.0.0"
          }
        },
        "ms": {
          "version": "2.0.0",
          "resolved": "https://registry.npm.taobao.org/ms/download/ms-2.0.0.tgz?cache=0&other_urls=https%3A%2F%2Fregistry.npm.taobao.org%2Fms%2Fdownload%2Fms-2.0.0.tgz",
          "integrity": "sha1-VgiurfwAvmwpAd9fmGF4jeDVl8g="
        }
      }
    },
    "ldapts": {
      "version": "2.6.1",
      "resolved": "https://registry.npm.taobao.org/ldapts/download/ldapts-2.6.1.tgz",
      "integrity": "sha1-6zdMixrc0h5FV+0lTp55AMHH5Bs=",
      "requires": {
        "@types/asn1": "~0.2.0",
        "@types/node": "~14.0.23",
        "@types/uuid": "~8.0.0",
        "asn1": "~0.2.4",
        "debug": "~4.1.1",
        "strict-event-emitter-types": "~2.0.0",
        "uuid": "~8.2.0"
      }
    },
    "moment": {
      "version": "2.27.0",
      "resolved": "https://registry.npm.taobao.org/moment/download/moment-2.27.0.tgz?cache=0&sync_timestamp=1592517925956&other_urls=https%3A%2F%2Fregistry.npm.taobao.org%2Fmoment%2Fdownload%2Fmoment-2.27.0.tgz",
      "integrity": "sha1-i/9OPiaiNiIN/j423nVrbrqgEF0="
    },
    "ms": {
      "version": "2.1.2",
      "resolved": "https://registry.npm.taobao.org/ms/download/ms-2.1.2.tgz?cache=0&other_urls=https%3A%2F%2Fregistry.npm.taobao.org%2Fms%2Fdownload%2Fms-2.1.2.tgz",
      "integrity": "sha1-0J0fNXtEP0kzgqjrPM0YOHKuYAk="
    },
    "safer-buffer": {
      "version": "2.1.2",
      "resolved": "https://registry.npm.taobao.org/safer-buffer/download/safer-buffer-2.1.2.tgz?cache=0&other_urls=https%3A%2F%2Fregistry.npm.taobao.org%2Fsafer-buffer%2Fdownload%2Fsafer-buffer-2.1.2.tgz",
      "integrity": "sha1-RPoWGwGHuVSd2Eu5GAL5vYOFzWo="
    },
    "strict-event-emitter-types": {
      "version": "2.0.0",
      "resolved": "https://registry.npm.taobao.org/strict-event-emitter-types/download/strict-event-emitter-types-2.0.0.tgz",
      "integrity": "sha1-BeFVSctNoWlEeKU1Q+Ti9KvPJ38="
    },
    "uuid": {
      "version": "8.2.0",
      "resolved": "https://registry.npm.taobao.org/uuid/download/uuid-8.2.0.tgz?cache=0&sync_timestamp=1595886641252&other_urls=https%3A%2F%2Fregistry.npm.taobao.org%2Fuuid%2Fdownload%2Fuuid-8.2.0.tgz",
      "integrity": "sha1-yxDdaxGOLa2n0M2XMLp0F8k9kg4="
    }
  }
}
